# This file is machine-generated by `gh actions-lock`.
# Do not edit by hand; run `gh actions-lock` to update.
# Docs: https://gh.io/actions-lockfile
version: 'v0.0.2'
workflows:
    '.github/workflows/release.yml':
        - 'actions/checkout@v4.4.0'
        - 'oven-sh/setup-bun@v2.2.0'
        - 'softprops/action-gh-release@v2.6.2'
dependencies:
    'actions/checkout@v4.4.0':
        ref: 'v4.4.0'
        commit: 'sha1-11d5960a326750d5838078e36cf38b85af677262'
        owner_id: 44036562
        repo_id: 197814629
    'oven-sh/setup-bun@v2.2.0':
        ref: 'v2.2.0'
        commit: 'sha1-0c5077e51419868618aeaa5fe8019c62421857d6'
        owner_id: 108928776
        repo_id: 512644635
    'softprops/action-gh-release@v2.6.2':
        ref: 'v2.6.2'
        commit: 'sha1-3bb12739c298aeb8a4eeaf626c5b8d85266b0e65'
        owner_id: 2242
        repo_id: 204253808
